
Microsoft Visual Studio Solution File, Format Version 12.00
# Visual Studio Version 17
VisualStudioVersion = 17.9.34321.82
MinimumVisualStudioVersion = 10.0.40219.1
Project("{2150E333-8FDC-42A3-9474-1A3956D46DE8}") = "CodeSnippets", "CodeSnippets", "{B1715459-4368-4DA1-A4A2-89A8DB9DC44F}"
	ProjectSection(SolutionItems) = preProject
		readfile_snippet.md = readfile_snippet.md
	EndProjectSection
EndProject
Project("{2150E333-8FDC-42A3-9474-1A3956D46DE8}") = "Solution Items", "Solution Items", "{62277349-F5B5-4FAD-9202-C09C1950F53B}"
	ProjectSection(SolutionItems) = preProject
		ReadMe.md = ReadMe.md
	EndProjectSection
EndProject
Project("{2150E333-8FDC-42A3-9474-1A3956D46DE8}") = "2022", "2022", "{1CCC3C7D-17C7-456A-A87C-40741C8E3EA9}"
EndProject
Project("{9A19103F-16F7-4668-BE54-9A1E7A4F7556}") = "day1-part1", "day1-part1\day1-part1.csproj", "{1A497881-F578-40A7-981C-5C27A2E5D3D5}"
EndProject
Project("{9A19103F-16F7-4668-BE54-9A1E7A4F7556}") = "day1-part2", "day1-part2\day1-part2.csproj", "{DB34198C-E1CB-4AAD-B5DF-3F74B864F846}"
EndProject
Project("{9A19103F-16F7-4668-BE54-9A1E7A4F7556}") = "day2-part1", "day2-part1\day2-part1.csproj", "{77046C45-E783-4452-8FC4-83E6C148BFB3}"
EndProject
Project("{9A19103F-16F7-4668-BE54-9A1E7A4F7556}") = "day2-part2", "day2-part2\day2-part2.csproj", "{5078682C-A4AD-4ED4-BE05-197D52CD02D7}"
EndProject
Project("{9A19103F-16F7-4668-BE54-9A1E7A4F7556}") = "day3-part1", "day3-part1\day3-part1.csproj", "{F3AC3ECC-94B2-4518-B8D5-2AEB7BDFEDCA}"
EndProject
Project("{9A19103F-16F7-4668-BE54-9A1E7A4F7556}") = "day3-part2", "day3-part2\day3-part2.csproj", "{46C46B8F-6849-4C09-A8BC-D2505DDEA5C7}"
EndProject
Project("{9A19103F-16F7-4668-BE54-9A1E7A4F7556}") = "day4-part1", "day4-part1\day4-part1.csproj", "{D0EFD9FD-8C67-4D8E-96C1-31290929E503}"
EndProject
Project("{9A19103F-16F7-4668-BE54-9A1E7A4F7556}") = "day4-part2", "day4-part2\day4-part2.csproj", "{66899A72-6BD9-4E68-95D8-9BFEBCE03D82}"
EndProject
Project("{9A19103F-16F7-4668-BE54-9A1E7A4F7556}") = "day5-part1", "day5-part1\day5-part1.csproj", "{B93AA160-FC00-435C-BC5C-4E202A2F0E28}"
EndProject
Project("{9A19103F-16F7-4668-BE54-9A1E7A4F7556}") = "day5-part2", "day5-part2\day5-part2.csproj", "{B111A7A8-AFC7-4194-9DF2-C3905E67FF3C}"
EndProject
Project("{9A19103F-16F7-4668-BE54-9A1E7A4F7556}") = "day6-part1", "day6-part1\day6-part1.csproj", "{0DA11581-2D11-426D-9C51-412D1FAC0117}"
EndProject
Project("{FAE04EC0-301F-11D3-BF4B-00C04F79EFBC}") = "day6-part2", "day6-part2\day6-part2.csproj", "{A058B017-823F-40CE-B64C-FBB642569AEE}"
EndProject
Project("{FAE04EC0-301F-11D3-BF4B-00C04F79EFBC}") = "day7-part1", "day7-part1\day7-part1.csproj", "{C295333F-A6B2-4285-B23D-1A7AABAA5091}"
EndProject
Project("{FAE04EC0-301F-11D3-BF4B-00C04F79EFBC}") = "day7-part2", "day7-part2\day7-part2.csproj", "{8C956C02-BBF0-49EC-B2BD-A23BA751D72D}"
EndProject
Global
	GlobalSection(SolutionConfigurationPlatforms) = preSolution
		Debug|Any CPU = Debug|Any CPU
		Debug|x64 = Debug|x64
		Debug|x86 = Debug|x86
		Release|Any CPU = Release|Any CPU
		Release|x64 = Release|x64
		Release|x86 = Release|x86
	EndGlobalSection
	GlobalSection(ProjectConfigurationPlatforms) = postSolution
		{1A497881-F578-40A7-981C-5C27A2E5D3D5}.Debug|Any CPU.ActiveCfg = Debug|Any CPU
		{1A497881-F578-40A7-981C-5C27A2E5D3D5}.Debug|Any CPU.Build.0 = Debug|Any CPU
		{1A497881-F578-40A7-981C-5C27A2E5D3D5}.Debug|x64.ActiveCfg = Debug|Any CPU
		{1A497881-F578-40A7-981C-5C27A2E5D3D5}.Debug|x64.Build.0 = Debug|Any CPU
		{1A497881-F578-40A7-981C-5C27A2E5D3D5}.Debug|x86.ActiveCfg = Debug|Any CPU
		{1A497881-F578-40A7-981C-5C27A2E5D3D5}.Debug|x86.Build.0 = Debug|Any CPU
		{1A497881-F578-40A7-981C-5C27A2E5D3D5}.Release|Any CPU.ActiveCfg = Release|Any CPU
		{1A497881-F578-40A7-981C-5C27A2E5D3D5}.Release|Any CPU.Build.0 = Release|Any CPU
		{1A497881-F578-40A7-981C-5C27A2E5D3D5}.Release|x64.ActiveCfg = Release|Any CPU
		{1A497881-F578-40A7-981C-5C27A2E5D3D5}.Release|x64.Build.0 = Release|Any CPU
		{1A497881-F578-40A7-981C-5C27A2E5D3D5}.Release|x86.ActiveCfg = Release|Any CPU
		{1A497881-F578-40A7-981C-5C27A2E5D3D5}.Release|x86.Build.0 = Release|Any CPU
		{DB34198C-E1CB-4AAD-B5DF-3F74B864F846}.Debug|Any CPU.ActiveCfg = Debug|Any CPU
		{DB34198C-E1CB-4AAD-B5DF-3F74B864F846}.Debug|Any CPU.Build.0 = Debug|Any CPU
		{DB34198C-E1CB-4AAD-B5DF-3F74B864F846}.Debug|x64.ActiveCfg = Debug|Any CPU
		{DB34198C-E1CB-4AAD-B5DF-3F74B864F846}.Debug|x64.Build.0 = Debug|Any CPU
		{DB34198C-E1CB-4AAD-B5DF-3F74B864F846}.Debug|x86.ActiveCfg = Debug|Any CPU
		{DB34198C-E1CB-4AAD-B5DF-3F74B864F846}.Debug|x86.Build.0 = Debug|Any CPU
		{DB34198C-E1CB-4AAD-B5DF-3F74B864F846}.Release|Any CPU.ActiveCfg = Release|Any CPU
		{DB34198C-E1CB-4AAD-B5DF-3F74B864F846}.Release|Any CPU.Build.0 = Release|Any CPU
		{DB34198C-E1CB-4AAD-B5DF-3F74B864F846}.Release|x64.ActiveCfg = Release|Any CPU
		{DB34198C-E1CB-4AAD-B5DF-3F74B864F846}.Release|x64.Build.0 = Release|Any CPU
		{DB34198C-E1CB-4AAD-B5DF-3F74B864F846}.Release|x86.ActiveCfg = Release|Any CPU
		{DB34198C-E1CB-4AAD-B5DF-3F74B864F846}.Release|x86.Build.0 = Release|Any CPU
		{77046C45-E783-4452-8FC4-83E6C148BFB3}.Debug|Any CPU.ActiveCfg = Debug|Any CPU
		{77046C45-E783-4452-8FC4-83E6C148BFB3}.Debug|Any CPU.Build.0 = Debug|Any CPU
		{77046C45-E783-4452-8FC4-83E6C148BFB3}.Debug|x64.ActiveCfg = Debug|Any CPU
		{77046C45-E783-4452-8FC4-83E6C148BFB3}.Debug|x64.Build.0 = Debug|Any CPU
		{77046C45-E783-4452-8FC4-83E6C148BFB3}.Debug|x86.ActiveCfg = Debug|Any CPU
		{77046C45-E783-4452-8FC4-83E6C148BFB3}.Debug|x86.Build.0 = Debug|Any CPU
		{77046C45-E783-4452-8FC4-83E6C148BFB3}.Release|Any CPU.ActiveCfg = Release|Any CPU
		{77046C45-E783-4452-8FC4-83E6C148BFB3}.Release|Any CPU.Build.0 = Release|Any CPU
		{77046C45-E783-4452-8FC4-83E6C148BFB3}.Release|x64.ActiveCfg = Release|Any CPU
		{77046C45-E783-4452-8FC4-83E6C148BFB3}.Release|x64.Build.0 = Release|Any CPU
		{77046C45-E783-4452-8FC4-83E6C148BFB3}.Release|x86.ActiveCfg = Release|Any CPU
		{77046C45-E783-4452-8FC4-83E6C148BFB3}.Release|x86.Build.0 = Release|Any CPU
		{5078682C-A4AD-4ED4-BE05-197D52CD02D7}.Debug|Any CPU.ActiveCfg = Debug|Any CPU
		{5078682C-A4AD-4ED4-BE05-197D52CD02D7}.Debug|Any CPU.Build.0 = Debug|Any CPU
		{5078682C-A4AD-4ED4-BE05-197D52CD02D7}.Debug|x64.ActiveCfg = Debug|Any CPU
		{5078682C-A4AD-4ED4-BE05-197D52CD02D7}.Debug|x64.Build.0 = Debug|Any CPU
		{5078682C-A4AD-4ED4-BE05-197D52CD02D7}.Debug|x86.ActiveCfg = Debug|Any CPU
		{5078682C-A4AD-4ED4-BE05-197D52CD02D7}.Debug|x86.Build.0 = Debug|Any CPU
		{5078682C-A4AD-4ED4-BE05-197D52CD02D7}.Release|Any CPU.ActiveCfg = Release|Any CPU
		{5078682C-A4AD-4ED4-BE05-197D52CD02D7}.Release|Any CPU.Build.0 = Release|Any CPU
		{5078682C-A4AD-4ED4-BE05-197D52CD02D7}.Release|x64.ActiveCfg = Release|Any CPU
		{5078682C-A4AD-4ED4-BE05-197D52CD02D7}.Release|x64.Build.0 = Release|Any CPU
		{5078682C-A4AD-4ED4-BE05-197D52CD02D7}.Release|x86.ActiveCfg = Release|Any CPU
		{5078682C-A4AD-4ED4-BE05-197D52CD02D7}.Release|x86.Build.0 = Release|Any CPU
		{F3AC3ECC-94B2-4518-B8D5-2AEB7BDFEDCA}.Debug|Any CPU.ActiveCfg = Debug|Any CPU
		{F3AC3ECC-94B2-4518-B8D5-2AEB7BDFEDCA}.Debug|Any CPU.Build.0 = Debug|Any CPU
		{F3AC3ECC-94B2-4518-B8D5-2AEB7BDFEDCA}.Debug|x64.ActiveCfg = Debug|Any CPU
		{F3AC3ECC-94B2-4518-B8D5-2AEB7BDFEDCA}.Debug|x64.Build.0 = Debug|Any CPU
		{F3AC3ECC-94B2-4518-B8D5-2AEB7BDFEDCA}.Debug|x86.ActiveCfg = Debug|Any CPU
		{F3AC3ECC-94B2-4518-B8D5-2AEB7BDFEDCA}.Debug|x86.Build.0 = Debug|Any CPU
		{F3AC3ECC-94B2-4518-B8D5-2AEB7BDFEDCA}.Release|Any CPU.ActiveCfg = Release|Any CPU
		{F3AC3ECC-94B2-4518-B8D5-2AEB7BDFEDCA}.Release|Any CPU.Build.0 = Release|Any CPU
		{F3AC3ECC-94B2-4518-B8D5-2AEB7BDFEDCA}.Release|x64.ActiveCfg = Release|Any CPU
		{F3AC3ECC-94B2-4518-B8D5-2AEB7BDFEDCA}.Release|x64.Build.0 = Release|Any CPU
		{F3AC3ECC-94B2-4518-B8D5-2AEB7BDFEDCA}.Release|x86.ActiveCfg = Release|Any CPU
		{F3AC3ECC-94B2-4518-B8D5-2AEB7BDFEDCA}.Release|x86.Build.0 = Release|Any CPU
		{46C46B8F-6849-4C09-A8BC-D2505DDEA5C7}.Debug|Any CPU.ActiveCfg = Debug|Any CPU
		{46C46B8F-6849-4C09-A8BC-D2505DDEA5C7}.Debug|Any CPU.Build.0 = Debug|Any CPU
		{46C46B8F-6849-4C09-A8BC-D2505DDEA5C7}.Debug|x64.ActiveCfg = Debug|Any CPU
		{46C46B8F-6849-4C09-A8BC-D2505DDEA5C7}.Debug|x64.Build.0 = Debug|Any CPU
		{46C46B8F-6849-4C09-A8BC-D2505DDEA5C7}.Debug|x86.ActiveCfg = Debug|Any CPU
		{46C46B8F-6849-4C09-A8BC-D2505DDEA5C7}.Debug|x86.Build.0 = Debug|Any CPU
		{46C46B8F-6849-4C09-A8BC-D2505DDEA5C7}.Release|Any CPU.ActiveCfg = Release|Any CPU
		{46C46B8F-6849-4C09-A8BC-D2505DDEA5C7}.Release|Any CPU.Build.0 = Release|Any CPU
		{46C46B8F-6849-4C09-A8BC-D2505DDEA5C7}.Release|x64.ActiveCfg = Release|Any CPU
		{46C46B8F-6849-4C09-A8BC-D2505DDEA5C7}.Release|x64.Build.0 = Release|Any CPU
		{46C46B8F-6849-4C09-A8BC-D2505DDEA5C7}.Release|x86.ActiveCfg = Release|Any CPU
		{46C46B8F-6849-4C09-A8BC-D2505DDEA5C7}.Release|x86.Build.0 = Release|Any CPU
		{D0EFD9FD-8C67-4D8E-96C1-31290929E503}.Debug|Any CPU.ActiveCfg = Debug|Any CPU
		{D0EFD9FD-8C67-4D8E-96C1-31290929E503}.Debug|Any CPU.Build.0 = Debug|Any CPU
		{D0EFD9FD-8C67-4D8E-96C1-31290929E503}.Debug|x64.ActiveCfg = Debug|Any CPU
		{D0EFD9FD-8C67-4D8E-96C1-31290929E503}.Debug|x64.Build.0 = Debug|Any CPU
		{D0EFD9FD-8C67-4D8E-96C1-31290929E503}.Debug|x86.ActiveCfg = Debug|Any CPU
		{D0EFD9FD-8C67-4D8E-96C1-31290929E503}.Debug|x86.Build.0 = Debug|Any CPU
		{D0EFD9FD-8C67-4D8E-96C1-31290929E503}.Release|Any CPU.ActiveCfg = Release|Any CPU
		{D0EFD9FD-8C67-4D8E-96C1-31290929E503}.Release|Any CPU.Build.0 = Release|Any CPU
		{D0EFD9FD-8C67-4D8E-96C1-31290929E503}.Release|x64.ActiveCfg = Release|Any CPU
		{D0EFD9FD-8C67-4D8E-96C1-31290929E503}.Release|x64.Build.0 = Release|Any CPU
		{D0EFD9FD-8C67-4D8E-96C1-31290929E503}.Release|x86.ActiveCfg = Release|Any CPU
		{D0EFD9FD-8C67-4D8E-96C1-31290929E503}.Release|x86.Build.0 = Release|Any CPU
		{66899A72-6BD9-4E68-95D8-9BFEBCE03D82}.Debug|Any CPU.ActiveCfg = Debug|Any CPU
		{66899A72-6BD9-4E68-95D8-9BFEBCE03D82}.Debug|Any CPU.Build.0 = Debug|Any CPU
		{66899A72-6BD9-4E68-95D8-9BFEBCE03D82}.Debug|x64.ActiveCfg = Debug|Any CPU
		{66899A72-6BD9-4E68-95D8-9BFEBCE03D82}.Debug|x64.Build.0 = Debug|Any CPU
		{66899A72-6BD9-4E68-95D8-9BFEBCE03D82}.Debug|x86.ActiveCfg = Debug|Any CPU
		{66899A72-6BD9-4E68-95D8-9BFEBCE03D82}.Debug|x86.Build.0 = Debug|Any CPU
		{66899A72-6BD9-4E68-95D8-9BFEBCE03D82}.Release|Any CPU.ActiveCfg = Release|Any CPU
		{66899A72-6BD9-4E68-95D8-9BFEBCE03D82}.Release|Any CPU.Build.0 = Release|Any CPU
		{66899A72-6BD9-4E68-95D8-9BFEBCE03D82}.Release|x64.ActiveCfg = Release|Any CPU
		{66899A72-6BD9-4E68-95D8-9BFEBCE03D82}.Release|x64.Build.0 = Release|Any CPU
		{66899A72-6BD9-4E68-95D8-9BFEBCE03D82}.Release|x86.ActiveCfg = Release|Any CPU
		{66899A72-6BD9-4E68-95D8-9BFEBCE03D82}.Release|x86.Build.0 = Release|Any CPU
		{B93AA160-FC00-435C-BC5C-4E202A2F0E28}.Debug|Any CPU.ActiveCfg = Debug|Any CPU
		{B93AA160-FC00-435C-BC5C-4E202A2F0E28}.Debug|Any CPU.Build.0 = Debug|Any CPU
		{B93AA160-FC00-435C-BC5C-4E202A2F0E28}.Debug|x64.ActiveCfg = Debug|Any CPU
		{B93AA160-FC00-435C-BC5C-4E202A2F0E28}.Debug|x64.Build.0 = Debug|Any CPU
		{B93AA160-FC00-435C-BC5C-4E202A2F0E28}.Debug|x86.ActiveCfg = Debug|Any CPU
		{B93AA160-FC00-435C-BC5C-4E202A2F0E28}.Debug|x86.Build.0 = Debug|Any CPU
		{B93AA160-FC00-435C-BC5C-4E202A2F0E28}.Release|Any CPU.ActiveCfg = Release|Any CPU
		{B93AA160-FC00-435C-BC5C-4E202A2F0E28}.Release|Any CPU.Build.0 = Release|Any CPU
		{B93AA160-FC00-435C-BC5C-4E202A2F0E28}.Release|x64.ActiveCfg = Release|Any CPU
		{B93AA160-FC00-435C-BC5C-4E202A2F0E28}.Release|x64.Build.0 = Release|Any CPU
		{B93AA160-FC00-435C-BC5C-4E202A2F0E28}.Release|x86.ActiveCfg = Release|Any CPU
		{B93AA160-FC00-435C-BC5C-4E202A2F0E28}.Release|x86.Build.0 = Release|Any CPU
		{B111A7A8-AFC7-4194-9DF2-C3905E67FF3C}.Debug|Any CPU.ActiveCfg = Debug|Any CPU
		{B111A7A8-AFC7-4194-9DF2-C3905E67FF3C}.Debug|Any CPU.Build.0 = Debug|Any CPU
		{B111A7A8-AFC7-4194-9DF2-C3905E67FF3C}.Debug|x64.ActiveCfg = Debug|Any CPU
		{B111A7A8-AFC7-4194-9DF2-C3905E67FF3C}.Debug|x64.Build.0 = Debug|Any CPU
		{B111A7A8-AFC7-4194-9DF2-C3905E67FF3C}.Debug|x86.ActiveCfg = Debug|Any CPU
		{B111A7A8-AFC7-4194-9DF2-C3905E67FF3C}.Debug|x86.Build.0 = Debug|Any CPU
		{B111A7A8-AFC7-4194-9DF2-C3905E67FF3C}.Release|Any CPU.ActiveCfg = Release|Any CPU
		{B111A7A8-AFC7-4194-9DF2-C3905E67FF3C}.Release|Any CPU.Build.0 = Release|Any CPU
		{B111A7A8-AFC7-4194-9DF2-C3905E67FF3C}.Release|x64.ActiveCfg = Release|Any CPU
		{B111A7A8-AFC7-4194-9DF2-C3905E67FF3C}.Release|x64.Build.0 = Release|Any CPU
		{B111A7A8-AFC7-4194-9DF2-C3905E67FF3C}.Release|x86.ActiveCfg = Release|Any CPU
		{B111A7A8-AFC7-4194-9DF2-C3905E67FF3C}.Release|x86.Build.0 = Release|Any CPU
		{0DA11581-2D11-426D-9C51-412D1FAC0117}.Debug|Any CPU.ActiveCfg = Debug|Any CPU
		{0DA11581-2D11-426D-9C51-412D1FAC0117}.Debug|Any CPU.Build.0 = Debug|Any CPU
		{0DA11581-2D11-426D-9C51-412D1FAC0117}.Debug|x64.ActiveCfg = Debug|Any CPU
		{0DA11581-2D11-426D-9C51-412D1FAC0117}.Debug|x64.Build.0 = Debug|Any CPU
		{0DA11581-2D11-426D-9C51-412D1FAC0117}.Debug|x86.ActiveCfg = Debug|Any CPU
		{0DA11581-2D11-426D-9C51-412D1FAC0117}.Debug|x86.Build.0 = Debug|Any CPU
		{0DA11581-2D11-426D-9C51-412D1FAC0117}.Release|Any CPU.ActiveCfg = Release|Any CPU
		{0DA11581-2D11-426D-9C51-412D1FAC0117}.Release|Any CPU.Build.0 = Release|Any CPU
		{0DA11581-2D11-426D-9C51-412D1FAC0117}.Release|x64.ActiveCfg = Release|Any CPU
		{0DA11581-2D11-426D-9C51-412D1FAC0117}.Release|x64.Build.0 = Release|Any CPU
		{0DA11581-2D11-426D-9C51-412D1FAC0117}.Release|x86.ActiveCfg = Release|Any CPU
		{0DA11581-2D11-426D-9C51-412D1FAC0117}.Release|x86.Build.0 = Release|Any CPU
		{A058B017-823F-40CE-B64C-FBB642569AEE}.Debug|Any CPU.ActiveCfg = Debug|Any CPU
		{A058B017-823F-40CE-B64C-FBB642569AEE}.Debug|Any CPU.Build.0 = Debug|Any CPU
		{A058B017-823F-40CE-B64C-FBB642569AEE}.Debug|x64.ActiveCfg = Debug|Any CPU
		{A058B017-823F-40CE-B64C-FBB642569AEE}.Debug|x64.Build.0 = Debug|Any CPU
		{A058B017-823F-40CE-B64C-FBB642569AEE}.Debug|x86.ActiveCfg = Debug|Any CPU
		{A058B017-823F-40CE-B64C-FBB642569AEE}.Debug|x86.Build.0 = Debug|Any CPU
		{A058B017-823F-40CE-B64C-FBB642569AEE}.Release|Any CPU.ActiveCfg = Release|Any CPU
		{A058B017-823F-40CE-B64C-FBB642569AEE}.Release|Any CPU.Build.0 = Release|Any CPU
		{A058B017-823F-40CE-B64C-FBB642569AEE}.Release|x64.ActiveCfg = Release|Any CPU
		{A058B017-823F-40CE-B64C-FBB642569AEE}.Release|x64.Build.0 = Release|Any CPU
		{A058B017-823F-40CE-B64C-FBB642569AEE}.Release|x86.ActiveCfg = Release|Any CPU
		{A058B017-823F-40CE-B64C-FBB642569AEE}.Release|x86.Build.0 = Release|Any CPU
		{C295333F-A6B2-4285-B23D-1A7AABAA5091}.Debug|Any CPU.ActiveCfg = Debug|Any CPU
		{C295333F-A6B2-4285-B23D-1A7AABAA5091}.Debug|Any CPU.Build.0 = Debug|Any CPU
		{C295333F-A6B2-4285-B23D-1A7AABAA5091}.Debug|x64.ActiveCfg = Debug|Any CPU
		{C295333F-A6B2-4285-B23D-1A7AABAA5091}.Debug|x64.Build.0 = Debug|Any CPU
		{C295333F-A6B2-4285-B23D-1A7AABAA5091}.Debug|x86.ActiveCfg = Debug|Any CPU
		{C295333F-A6B2-4285-B23D-1A7AABAA5091}.Debug|x86.Build.0 = Debug|Any CPU
		{C295333F-A6B2-4285-B23D-1A7AABAA5091}.Release|Any CPU.ActiveCfg = Release|Any CPU
		{C295333F-A6B2-4285-B23D-1A7AABAA5091}.Release|Any CPU.Build.0 = Release|Any CPU
		{C295333F-A6B2-4285-B23D-1A7AABAA5091}.Release|x64.ActiveCfg = Release|Any CPU
		{C295333F-A6B2-4285-B23D-1A7AABAA5091}.Release|x64.Build.0 = Release|Any CPU
		{C295333F-A6B2-4285-B23D-1A7AABAA5091}.Release|x86.ActiveCfg = Release|Any CPU
		{C295333F-A6B2-4285-B23D-1A7AABAA5091}.Release|x86.Build.0 = Release|Any CPU
		{8C956C02-BBF0-49EC-B2BD-A23BA751D72D}.Debug|Any CPU.ActiveCfg = Debug|Any CPU
		{8C956C02-BBF0-49EC-B2BD-A23BA751D72D}.Debug|Any CPU.Build.0 = Debug|Any CPU
		{8C956C02-BBF0-49EC-B2BD-A23BA751D72D}.Debug|x64.ActiveCfg = Debug|Any CPU
		{8C956C02-BBF0-49EC-B2BD-A23BA751D72D}.Debug|x64.Build.0 = Debug|Any CPU
		{8C956C02-BBF0-49EC-B2BD-A23BA751D72D}.Debug|x86.ActiveCfg = Debug|Any CPU
		{8C956C02-BBF0-49EC-B2BD-A23BA751D72D}.Debug|x86.Build.0 = Debug|Any CPU
		{8C956C02-BBF0-49EC-B2BD-A23BA751D72D}.Release|Any CPU.ActiveCfg = Release|Any CPU
		{8C956C02-BBF0-49EC-B2BD-A23BA751D72D}.Release|Any CPU.Build.0 = Release|Any CPU
		{8C956C02-BBF0-49EC-B2BD-A23BA751D72D}.Release|x64.ActiveCfg = Release|Any CPU
		{8C956C02-BBF0-49EC-B2BD-A23BA751D72D}.Release|x64.Build.0 = Release|Any CPU
		{8C956C02-BBF0-49EC-B2BD-A23BA751D72D}.Release|x86.ActiveCfg = Release|Any CPU
		{8C956C02-BBF0-49EC-B2BD-A23BA751D72D}.Release|x86.Build.0 = Release|Any CPU
	EndGlobalSection
	GlobalSection(SolutionProperties) = preSolution
		HideSolutionNode = FALSE
	EndGlobalSection
	GlobalSection(NestedProjects) = preSolution
		{1A497881-F578-40A7-981C-5C27A2E5D3D5} = {1CCC3C7D-17C7-456A-A87C-40741C8E3EA9}
		{DB34198C-E1CB-4AAD-B5DF-3F74B864F846} = {1CCC3C7D-17C7-456A-A87C-40741C8E3EA9}
		{77046C45-E783-4452-8FC4-83E6C148BFB3} = {1CCC3C7D-17C7-456A-A87C-40741C8E3EA9}
		{5078682C-A4AD-4ED4-BE05-197D52CD02D7} = {1CCC3C7D-17C7-456A-A87C-40741C8E3EA9}
		{F3AC3ECC-94B2-4518-B8D5-2AEB7BDFEDCA} = {1CCC3C7D-17C7-456A-A87C-40741C8E3EA9}
		{46C46B8F-6849-4C09-A8BC-D2505DDEA5C7} = {1CCC3C7D-17C7-456A-A87C-40741C8E3EA9}
		{D0EFD9FD-8C67-4D8E-96C1-31290929E503} = {1CCC3C7D-17C7-456A-A87C-40741C8E3EA9}
		{66899A72-6BD9-4E68-95D8-9BFEBCE03D82} = {1CCC3C7D-17C7-456A-A87C-40741C8E3EA9}
		{B93AA160-FC00-435C-BC5C-4E202A2F0E28} = {1CCC3C7D-17C7-456A-A87C-40741C8E3EA9}
		{B111A7A8-AFC7-4194-9DF2-C3905E67FF3C} = {1CCC3C7D-17C7-456A-A87C-40741C8E3EA9}
		{0DA11581-2D11-426D-9C51-412D1FAC0117} = {1CCC3C7D-17C7-456A-A87C-40741C8E3EA9}
		{A058B017-823F-40CE-B64C-FBB642569AEE} = {1CCC3C7D-17C7-456A-A87C-40741C8E3EA9}
		{C295333F-A6B2-4285-B23D-1A7AABAA5091} = {1CCC3C7D-17C7-456A-A87C-40741C8E3EA9}
		{8C956C02-BBF0-49EC-B2BD-A23BA751D72D} = {1CCC3C7D-17C7-456A-A87C-40741C8E3EA9}
	EndGlobalSection
	GlobalSection(ExtensibilityGlobals) = postSolution
		SolutionGuid = {1C10C010-452E-44B4-817B-BE492F5072C8}
	EndGlobalSection
EndGlobal
